
Microsoft Visual Studio Solution File, Format Version 12.00
# Visual Studio Version 17
VisualStudioVersion = 17.7.34024.191
MinimumVisualStudioVersion = 10.0.40219.1
Project("{FAE04EC0-301F-11D3-BF4B-00C04F79EFBC}") = "CastleGuard.Bot", "CastleGuard.Bot.csproj", "{B2C1283D-D816-40B9-9AC6-2FE8DCB32550}"
EndProject
Global
	GlobalSection(SolutionConfigurationPlatforms) = preSolution
		Debug|Any CPU = Debug|Any CPU
		Release|Any CPU = Release|Any CPU
	EndGlobalSection
	GlobalSection(ProjectConfigurationPlatforms) = postSolution
		{B2C1283D-D816-40B9-9AC6-2FE8DCB32550}.Debug|Any CPU.ActiveCfg = Debug|Any CPU
		{B2C1283D-D816-40B9-9AC6-2FE8DCB32550}.Debug|Any CPU.Build.0 = Debug|Any CPU
		{B2C1283D-D816-40B9-9AC6-2FE8DCB32550}.Release|Any CPU.ActiveCfg = Release|Any CPU
		{B2C1283D-D816-40B9-9AC6-2FE8DCB32550}.Release|Any CPU.Build.0 = Release|Any CPU
	EndGlobalSection
	GlobalSection(SolutionProperties) = preSolution
		HideSolutionNode = FALSE
	EndGlobalSection
	GlobalSection(ExtensibilityGlobals) = postSolution
		SolutionGuid = {7B435A2A-383B-4CC5-8934-2128567778CC}
	EndGlobalSection
EndGlobal
